
Microsoft Visual Studio Solution File, Format Version 12.00
# Visual Studio Version 17
VisualStudioVersion = 17.3.32901.215
MinimumVisualStudioVersion = 10.0.40219.1
Project("{9A19103F-16F7-4668-BE54-9A1E7A4F7556}") = "Varlamov_Lab5", "Varlamov_Lab5\Varlamov_Lab5.csproj", "{B6E902DD-7C5A-4133-B03B-04BA85211639}"
EndProject
Project("{9A19103F-16F7-4668-BE54-9A1E7A4F7556}") = "Mans", "Man\Mans.csproj", "{21B96A7C-8D4C-45D5-8D0A-0251E727A3D8}"
EndProject
Project("{FAE04EC0-301F-11D3-BF4B-00C04F79EFBC}") = "Students", "Students\Students.csproj", "{1B449CEF-CCF9-4605-855D-51B59B827300}"
EndProject
Global
	GlobalSection(SolutionConfigurationPlatforms) = preSolution
		Debug|Any CPU = Debug|Any CPU
		Release|Any CPU = Release|Any CPU
	EndGlobalSection
	GlobalSection(ProjectConfigurationPlatforms) = postSolution
		{B6E902DD-7C5A-4133-B03B-04BA85211639}.Debug|Any CPU.ActiveCfg = Debug|Any CPU
		{B6E902DD-7C5A-4133-B03B-04BA85211639}.Debug|Any CPU.Build.0 = Debug|Any CPU
		{B6E902DD-7C5A-4133-B03B-04BA85211639}.Release|Any CPU.ActiveCfg = Release|Any CPU
		{B6E902DD-7C5A-4133-B03B-04BA85211639}.Release|Any CPU.Build.0 = Release|Any CPU
		{21B96A7C-8D4C-45D5-8D0A-0251E727A3D8}.Debug|Any CPU.ActiveCfg = Debug|Any CPU
		{21B96A7C-8D4C-45D5-8D0A-0251E727A3D8}.Debug|Any CPU.Build.0 = Debug|Any CPU
		{21B96A7C-8D4C-45D5-8D0A-0251E727A3D8}.Release|Any CPU.ActiveCfg = Release|Any CPU
		{21B96A7C-8D4C-45D5-8D0A-0251E727A3D8}.Release|Any CPU.Build.0 = Release|Any CPU
		{1B449CEF-CCF9-4605-855D-51B59B827300}.Debug|Any CPU.ActiveCfg = Debug|Any CPU
		{1B449CEF-CCF9-4605-855D-51B59B827300}.Debug|Any CPU.Build.0 = Debug|Any CPU
		{1B449CEF-CCF9-4605-855D-51B59B827300}.Release|Any CPU.ActiveCfg = Release|Any CPU
		{1B449CEF-CCF9-4605-855D-51B59B827300}.Release|Any CPU.Build.0 = Release|Any CPU
	EndGlobalSection
	GlobalSection(SolutionProperties) = preSolution
		HideSolutionNode = FALSE
	EndGlobalSection
	GlobalSection(ExtensibilityGlobals) = postSolution
		SolutionGuid = {3F3CE0BD-D4CE-4631-BCE3-BBA6CFE12F57}
	EndGlobalSection
EndGlobal
